
Microsoft Visual Studio Solution File, Format Version 12.00
# Visual Studio 15
VisualStudioVersion = 15.0.28307.168
MinimumVisualStudioVersion = 10.0.40219.1
Project("{FAE04EC0-301F-11D3-BF4B-00C04F79EFBC}") = "TranslateFromDictionary_ConsoleApp", "TranslateFromDictionary_ConsoleApp\TranslateFromDictionary_ConsoleApp.csproj", "{58F83349-3918-4A9F-A507-E2D0B1AABD46}"
EndProject
Project("{FAE04EC0-301F-11D3-BF4B-00C04F79EFBC}") = "Engine", "Engine\Engine.csproj", "{5C72659A-D822-4FBD-A8A1-637FF12B4E64}"
EndProject
Global
	GlobalSection(SolutionConfigurationPlatforms) = preSolution
		Debug|Any CPU = Debug|Any CPU
		Release|Any CPU = Release|Any CPU
	EndGlobalSection
	GlobalSection(ProjectConfigurationPlatforms) = postSolution
		{58F83349-3918-4A9F-A507-E2D0B1AABD46}.Debug|Any CPU.ActiveCfg = Debug|Any CPU
		{58F83349-3918-4A9F-A507-E2D0B1AABD46}.Debug|Any CPU.Build.0 = Debug|Any CPU
		{58F83349-3918-4A9F-A507-E2D0B1AABD46}.Release|Any CPU.ActiveCfg = Release|Any CPU
		{58F83349-3918-4A9F-A507-E2D0B1AABD46}.Release|Any CPU.Build.0 = Release|Any CPU
		{5C72659A-D822-4FBD-A8A1-637FF12B4E64}.Debug|Any CPU.ActiveCfg = Debug|Any CPU
		{5C72659A-D822-4FBD-A8A1-637FF12B4E64}.Debug|Any CPU.Build.0 = Debug|Any CPU
		{5C72659A-D822-4FBD-A8A1-637FF12B4E64}.Release|Any CPU.ActiveCfg = Release|Any CPU
		{5C72659A-D822-4FBD-A8A1-637FF12B4E64}.Release|Any CPU.Build.0 = Release|Any CPU
	EndGlobalSection
	GlobalSection(SolutionProperties) = preSolution
		HideSolutionNode = FALSE
	EndGlobalSection
	GlobalSection(ExtensibilityGlobals) = postSolution
		SolutionGuid = {4767D23D-2DE9-4F52-A061-D20ED779095D}
	EndGlobalSection
EndGlobal
